Microsoft Visual Studio Solution File, Format Version 12.00
# Visual Studio Version 17
VisualStudioVersion = 17.5.2.0
MinimumVisualStudioVersion = 10.0.40219.1
Project("{FAE04EC0-301F-11D3-BF4B-00C04F79EFBC}") = "MusicNotesProject", "MusicNotesProject.csproj", "{5783E7C5-F317-B443-E5DE-44F3B3A989A1}"
EndProject
Global
	GlobalSection(SolutionConfigurationPlatforms) = preSolution
		Debug|Any CPU = Debug|Any CPU
		Release|Any CPU = Release|Any CPU
	EndGlobalSection
	GlobalSection(ProjectConfigurationPlatforms) = postSolution
		{5783E7C5-F317-B443-E5DE-44F3B3A989A1}.Debug|Any CPU.ActiveCfg = Debug|Any CPU
		{5783E7C5-F317-B443-E5DE-44F3B3A989A1}.Debug|Any CPU.Build.0 = Debug|Any CPU
		{5783E7C5-F317-B443-E5DE-44F3B3A989A1}.Release|Any CPU.ActiveCfg = Release|Any CPU
		{5783E7C5-F317-B443-E5DE-44F3B3A989A1}.Release|Any CPU.Build.0 = Release|Any CPU
	EndGlobalSection
	GlobalSection(SolutionProperties) = preSolution
		HideSolutionNode = FALSE
	EndGlobalSection
	GlobalSection(ExtensibilityGlobals) = postSolution
		SolutionGuid = {0F42265F-EED8-486B-B4AC-4407A84DC2AC}
	EndGlobalSection
EndGlobal
